
Microsoft Visual Studio Solution File, Format Version 12.00
# Visual Studio Version 16
VisualStudioVersion = 16.0.28922.388
MinimumVisualStudioVersion = 10.0.40219.1
Project("{FAE04EC0-301F-11D3-BF4B-00C04F79EFBC}") = "Adopciones", "Adopciones\Adopciones.csproj", "{FF3C835F-991B-4BA1-8E27-4AF99BDAFA9F}"
EndProject
Global
	GlobalSection(SolutionConfigurationPlatforms) = preSolution
		Debug|Any CPU = Debug|Any CPU
		Release|Any CPU = Release|Any CPU
	EndGlobalSection
	GlobalSection(ProjectConfigurationPlatforms) = postSolution
		{FF3C835F-991B-4BA1-8E27-4AF99BDAFA9F}.Debug|Any CPU.ActiveCfg = Debug|Any CPU
		{FF3C835F-991B-4BA1-8E27-4AF99BDAFA9F}.Debug|Any CPU.Build.0 = Debug|Any CPU
		{FF3C835F-991B-4BA1-8E27-4AF99BDAFA9F}.Release|Any CPU.ActiveCfg = Release|Any CPU
		{FF3C835F-991B-4BA1-8E27-4AF99BDAFA9F}.Release|Any CPU.Build.0 = Release|Any CPU
	EndGlobalSection
	GlobalSection(SolutionProperties) = preSolution
		HideSolutionNode = FALSE
	EndGlobalSection
	GlobalSection(ExtensibilityGlobals) = postSolution
		SolutionGuid = {DD3164D4-2ECD-4743-86C3-6C9076275C34}
	EndGlobalSection
EndGlobal
